// !$*UTF8*$!
{
	archiveVersion = 1;
	classes = {
	};
	objectVersion = 46;
	objects = {

/* Begin PBXBuildFile section */
		CD6071CD1BB6CD1D000F319B /* AppDelegate.swift in Sources */ = {isa = PBXBuildFile; fileRef = CD6071CC1BB6CD1D000F319B /* AppDelegate.swift */; };
		CD6071CF1BB6CD1D000F319B /* ViewController.swift in Sources */ = {isa = PBXBuildFile; fileRef = CD6071CE1BB6CD1D000F319B /* ViewController.swift */; };
		CD6071D21BB6CD1D000F319B /* Main.storyboard in Resources */ = {isa = PBXBuildFile; fileRef = CD6071D01BB6CD1D000F319B /* Main.storyboard */; };
		CD6071D41BB6CD1D000F319B /* Images.xcassets in Resources */ = {isa = PBXBuildFile; fileRef = CD6071D31BB6CD1D000F319B /* Images.xcassets */; };
		CD6071D71BB6CD1D000F319B /* LaunchScreen.xib in Resources */ = {isa = PBXBuildFile; fileRef = CD6071D51BB6CD1D000F319B /* LaunchScreen.xib */; };
		CD6071E31BB6CD1D000F319B /* MiaoPaiVideoTests.swift in Sources */ = {isa = PBXBuildFile; fileRef = CD6071E21BB6CD1D000F319B /* MiaoPaiVideoTests.swift */; };
/* End PBXBuildFile section */

/* Begin PBXContainerItemProxy section */
		CD6071DD1BB6CD1D000F319B /* PBXContainerItemProxy */ = {
			isa = PBXContainerItemProxy;
			containerPortal = CD6071BF1BB6CD1C000F319B /* Project object */;
			proxyType = 1;
			remoteGlobalIDString = CD6071C61BB6CD1C000F319B;
			remoteInfo = MiaoPaiVideo;
		};
/* End PBXContainerItemProxy section */

/* Begin PBXFileReference section */
		CD6071C71BB6CD1C000F319B /* MiaoPaiVideo.app */ = {isa = PBXFileReference; explicitFileType = wrapper.application; includeInIndex = 0; path = MiaoPaiVideo.app; sourceTree = BUILT_PRODUCTS_DIR; };
		CD6071CB1BB6CD1D000F319B /* Info.plist */ = {isa = PBXFileReference; lastKnownFileType = text.plist.xml; path = Info.plist; sourceTree = "<group>"; };
		CD6071CC1BB6CD1D000F319B /* AppDelegate.swift */ = {isa = PBXFileReference; lastKnownFileType = sourcecode.swift; path = AppDelegate.swift; sourceTree = "<group>"; };
		CD6071CE1BB6CD1D000F319B /* ViewController.swift */ = {isa = PBXFileReference; lastKnownFileType = sourcecode.swift; path = ViewController.swift; sourceTree = "<group>"; };
		CD6071D11BB6CD1D000F319B /* Base */ = {isa = PBXFileReference; lastKnownFileType = file.storyboard; name = Base; path = Base.lproj/Main.storyboard; sourceTree = "<group>"; };
		CD6071D31BB6CD1D000F319B /* Images.xcassets */ = {isa = PBXFileReference; lastKnownFileType = folder.assetcatalog; path = Images.xcassets; sourceTree = "<group>"; };
		CD6071D61BB6CD1D000F319B /* Base */ = {isa = PBXFileReference; lastKnownFileType = file.xib; name = Base; path = Base.lproj/LaunchScreen.xib; sourceTree = "<group>"; };
		CD6071DC1BB6CD1D000F319B /* MiaoPaiVideoTests.xctest */ = {isa = PBXFileReference; explicitFileType = wrapper.cfbundle; includeInIndex = 0; path = MiaoPaiVideoTests.xctest; sourceTree = BUILT_PRODUCTS_DIR; };
		CD6071E11BB6CD1D000F319B /* Info.plist */ = {isa = PBXFileReference; lastKnownFileType = text.plist.xml; path = Info.plist; sourceTree = "<group>"; };
		CD6071E21BB6CD1D000F319B /* MiaoPaiVideoTests.swift */ = {isa = PBXFileReference; lastKnownFileType = sourcecode.swift; path = MiaoPaiVideoTests.swift; sourceTree = "<group>"; };
/* End PBXFileReference section */

/* Begin PBXFrameworksBuildPhase section */
		CD6071C41BB6CD1C000F319B /* Frameworks */ = {
			isa = PBXFrameworksBuildPhase;
			buildActionMask = 2147483647;
			files = (
			);
			runOnlyForDeploymentPostprocessing = 0;
		};
		CD6071D91BB6CD1D000F319B /* Frameworks */ = {
			isa = PBXFrameworksBuildPhase;
			buildActionMask = 2147483647;
			files = (
			);
			runOnlyForDeploymentPostprocessing = 0;
		};
/* End PBXFrameworksBuildPhase section */

/* Begin PBXGroup section */
		CD6071BE1BB6CD1C000F319B = {
			isa = PBXGroup;
			children = (
				CD6071C91BB6CD1C000F319B /* MiaoPaiVideo */,
				CD6071DF1BB6CD1D000F319B /* MiaoPaiVideoTests */,
				CD6071C81BB6CD1C000F319B /* Products */,
			);
			sourceTree = "<group>";
		};
		CD6071C81BB6CD1C000F319B /* Products */ = {
			isa = PBXGroup;
			children = (
				CD6071C71BB6CD1C000F319B /* MiaoPaiVideo.app */,
				CD6071DC1BB6CD1D000F319B /* MiaoPaiVideoTests.xctest */,
			);
			name = Products;
			sourceTree = "<group>";
		};
		CD6071C91BB6CD1C000F319B /* MiaoPaiVideo */ = {
			isa = PBXGroup;
			children = (
				CD6071CC1BB6CD1D000F319B /* AppDelegate.swift */,
				CD6071CE1BB6CD1D000F319B /* ViewController.swift */,
				CD6071D01BB6CD1D000F319B /* Main.storyboard */,
				CD6071D31BB6CD1D000F319B /* Images.xcassets */,
				CD6071D51BB6CD1D000F319B /* LaunchScreen.xib */,
				CD6071CA1BB6CD1D000F319B /* Supporting Files */,
			);
			path = MiaoPaiVideo;
			sourceTree = "<group>";
		};
		CD6071CA1BB6CD1D000F319B /* Supporting Files */ = {
			isa = PBXGroup;
			children = (
				CD6071CB1BB6CD1D000F319B /* Info.plist */,
			);
			name = "Supporting Files";
			sourceTree = "<group>";
		};
		CD6071DF1BB6CD1D000F319B /* MiaoPaiVideoTests */ = {
			isa = PBXGroup;
			children = (
				CD6071E21BB6CD1D000F319B /* MiaoPaiVideoTests.swift */,
				CD6071E01BB6CD1D000F319B /* Supporting Files */,
			);
			path = MiaoPaiVideoTests;
			sourceTree = "<group>";
		};
		CD6071E01BB6CD1D000F319B /* Supporting Files */ = {
			isa = PBXGroup;
			children = (
				CD6071E11BB6CD1D000F319B /* Info.plist */,
			);
			name = "Supporting Files";
			sourceTree = "<group>";
		};
/* End PBXGroup section */

/* Begin PBXNativeTarget section */
		CD6071C61BB6CD1C000F319B /* MiaoPaiVideo */ = {
			isa = PBXNativeTarget;
			buildConfigurationList = CD6071E61BB6CD1D000F319B /* Build configuration list for PBXNativeTarget "MiaoPaiVideo" */;
			buildPhases = (
				CD6071C31BB6CD1C000F319B /* Sources */,
				CD6071C41BB6CD1C000F319B /* Frameworks */,
				CD6071C51BB6CD1C000F319B /* Resources */,
			);
			buildRules = (
			);
			dependencies = (
			);
			name = MiaoPaiVideo;
			productName = MiaoPaiVideo;
			productReference = CD6071C71BB6CD1C000F319B /* MiaoPaiVideo.app */;
			productType = "com.apple.product-type.application";
		};
		CD6071DB1BB6CD1D000F319B /* MiaoPaiVideoTests */ = {
			isa = PBXNativeTarget;
			buildConfigurationList = CD6071E91BB6CD1D000F319B /* Build configuration list for PBXNativeTarget "MiaoPaiVideoTests" */;
			buildPhases = (
				CD6071D81BB6CD1D000F319B /* Sources */,
				CD6071D91BB6CD1D000F319B /* Frameworks */,
				CD6071DA1BB6CD1D000F319B /* Resources */,
			);
			buildRules = (
			);
			dependencies = (
				CD6071DE1BB6CD1D000F319B /* PBXTargetDependency */,
			);
			name = MiaoPaiVideoTests;
			productName = MiaoPaiVideoTests;
			productReference = CD6071DC1BB6CD1D000F319B /* MiaoPaiVideoTests.xctest */;
			productType = "com.apple.product-type.bundle.unit-test";
		};
/* End PBXNativeTarget section */

/* Begin PBXProject section */
		CD6071BF1BB6CD1C000F319B /* Project object */ = {
			isa = PBXProject;
			attributes = {
				LastUpgradeCheck = 0640;
				ORGANIZATIONNAME = "Phoebe Hu";
				TargetAttributes = {
					CD6071C61BB6CD1C000F319B = {
						CreatedOnToolsVersion = 6.4;
					};
					CD6071DB1BB6CD1D000F319B = {
						CreatedOnToolsVersion = 6.4;
						TestTargetID = CD6071C61BB6CD1C000F319B;
					};
				};
			};
			buildConfigurationList = CD6071C21BB6CD1C000F319B /* Build configuration list for PBXProject "MiaoPaiVideo" */;
			compatibilityVersion = "Xcode 3.2";
			developmentRegion = English;
			hasScannedForEncodings = 0;
			knownRegions = (
				en,
				Base,
			);
			mainGroup = CD6071BE1BB6CD1C000F319B;
			productRefGroup = CD6071C81BB6CD1C000F319B /* Products */;
			projectDirPath = "";
			projectRoot = "";
			targets = (
				CD6071C61BB6CD1C000F319B /* MiaoPaiVideo */,
				CD6071DB1BB6CD1D000F319B /* MiaoPaiVideoTests */,
			);
		};
/* End PBXProject section */

/* Begin PBXResourcesBuildPhase section */
		CD6071C51BB6CD1C000F319B /* Resources */ = {
			isa = PBXResourcesBuildPhase;
			buildActionMask = 2147483647;
			files = (
				CD6071D21BB6CD1D000F319B /* Main.storyboard in Resources */,
				CD6071D71BB6CD1D000F319B /* LaunchScreen.xib in Resources */,
				CD6071D41BB6CD1D000F319B /* Images.xcassets in Resources */,
			);
			runOnlyForDeploymentPostprocessing = 0;
		};
		CD6071DA1BB6CD1D000F319B /* Resources */ = {
			isa = PBXResourcesBuildPhase;
			buildActionMask = 2147483647;
			files = (
			);
			runOnlyForDeploymentPostprocessing = 0;
		};
/* End PBXResourcesBuildPhase section */

/* Begin PBXSourcesBuildPhase section */
		CD6071C31BB6CD1C000F319B /* Sources */ = {
			isa = PBXSourcesBuildPhase;
			buildActionMask = 2147483647;
			files = (
				CD6071CF1BB6CD1D000F319B /* ViewController.swift in Sources */,
				CD6071CD1BB6CD1D000F319B /* AppDelegate.swift in Sources */,
			);
			runOnlyForDeploymentPostprocessing = 0;
		};
		CD6071D81BB6CD1D000F319B /* Sources */ = {
			isa = PBXSourcesBuildPhase;
			buildActionMask = 2147483647;
			files = (
				CD6071E31BB6CD1D000F319B /* MiaoPaiVideoTests.swift in Sources */,
			);
			runOnlyForDeploymentPostprocessing = 0;
		};
/* End PBXSourcesBuildPhase section */

/* Begin PBXTargetDependency section */
		CD6071DE1BB6CD1D000F319B /* PBXTargetDependency */ = {
			isa = PBXTargetDependency;
			target = CD6071C61BB6CD1C000F319B /* MiaoPaiVideo */;
			targetProxy = CD6071DD1BB6CD1D000F319B /* PBXContainerItemProxy */;
		};
/* End PBXTargetDependency section */

/* Begin PBXVariantGroup section */
		CD6071D01BB6CD1D000F319B /* Main.storyboard */ = {
			isa = PBXVariantGroup;
			children = (
				CD6071D11BB6CD1D000F319B /* Base */,
			);
			name = Main.storyboard;
			sourceTree = "<group>";
		};
		CD6071D51BB6CD1D000F319B /* LaunchScreen.xib */ = {
			isa = PBXVariantGroup;
			children = (
				CD6071D61BB6CD1D000F319B /* Base */,
			);
			name = LaunchScreen.xib;
			sourceTree = "<group>";
		};
/* End PBXVariantGroup section */

/* Begin XCBuildConfiguration section */
		CD6071E41BB6CD1D000F319B /* Debug */ = {
			isa = XCBuildConfiguration;
			buildSettings = {
				ALWAYS_SEARCH_USER_PATHS = NO;
				CLANG_CXX_LANGUAGE_STANDARD = "gnu++0x";
				CLANG_CXX_LIBRARY = "libc++";
				CLANG_ENABLE_MODULES = YES;
				CLANG_ENABLE_OBJC_ARC = YES;
				CLANG_WARN_BOOL_CONVERSION = YES;
				CLANG_WARN_CONSTANT_CONVERSION = YES;
				CLANG_WARN_DIRECT_OBJC_ISA_USAGE = YES_ERROR;
				CLANG_WARN_EMPTY_BODY = YES;
				CLANG_WARN_ENUM_CONVERSION = YES;
				CLANG_WARN_INT_CONVERSION = YES;
				CLANG_WARN_OBJC_ROOT_CLASS = YES_ERROR;
				CLANG_WARN_UNREACHABLE_CODE = YES;
				CLANG_WARN__DUPLICATE_METHOD_MATCH = YES;
				"CODE_SIGN_IDENTITY[sdk=iphoneos*]" = "iPhone Developer";
				COPY_PHASE_STRIP = NO;
				DEBUG_INFORMATION_FORMAT = "dwarf-with-dsym";
				ENABLE_STRICT_OBJC_MSGSEND = YES;
				GCC_C_LANGUAGE_STANDARD = gnu99;
				GCC_DYNAMIC_NO_PIC = NO;
				GCC_NO_COMMON_BLOCKS = YES;
				GCC_OPTIMIZATION_LEVEL = 0;
				GCC_PREPROCESSOR_DEFINITIONS = (
					"DEBUG=1",
					"$(inherited)",
				);
				GCC_SYMBOLS_PRIVATE_EXTERN = NO;
				GCC_WARN_64_TO_32_BIT_CONVERSION = YES;
				GCC_WARN_ABOUT_RETURN_TYPE = YES_ERROR;
				GCC_WARN_UNDECLARED_SELECTOR = YES;
				GCC_WARN_UNINITIALIZED_AUTOS = YES_AGGRESSIVE;
				GCC_WARN_UNUSED_FUNCTION = YES;
				GCC_WARN_UNUSED_VARIABLE = YES;
				IPHONEOS_DEPLOYMENT_TARGET = 8.4;
				MTL_ENABLE_DEBUG_INFO = YES;
				ONLY_ACTIVE_ARCH = YES;
				SDKROOT = iphoneos;
				SWIFT_OPTIMIZATION_LEVEL = "-Onone";
				TARGETED_DEVICE_FAMILY = "1,2";
			};
			name = Debug;
		};
		CD6071E51BB6CD1D000F319B /* Release */ = {
			isa = XCBuildConfiguration;
			buildSettings = {
				ALWAYS_SEARCH_USER_PATHS = NO;
				CLANG_CXX_LANGUAGE_STANDARD = "gnu++0x";
				CLANG_CXX_LIBRARY = "libc++";
				CLANG_ENABLE_MODULES = YES;
				CLANG_ENABLE_OBJC_ARC = YES;
				CLANG_WARN_BOOL_CONVERSION = YES;
				CLANG_WARN_CONSTANT_CONVERSION = YES;
				CLANG_WARN_DIRECT_OBJC_ISA_USAGE = YES_ERROR;
				CLANG_WARN_EMPTY_BODY = YES;
				CLANG_WARN_ENUM_CONVERSION = YES;
				CLANG_WARN_INT_CONVERSION = YES;
				CLANG_WARN_OBJC_ROOT_CLASS = YES_ERROR;
				CLANG_WARN_UNREACHABLE_CODE = YES;
				CLANG_WARN__DUPLICATE_METHOD_MATCH = YES;
				"CODE_SIGN_IDENTITY[sdk=iphoneos*]" = "iPhone Developer";
				COPY_PHASE_STRIP = NO;
				DEBUG_INFORMATION_FORMAT = "dwarf-with-dsym";
				ENABLE_NS_ASSERTIONS = NO;
				ENABLE_STRICT_OBJC_MSGSEND = YES;
				GCC_C_LANGUAGE_STANDARD = gnu99;
				GCC_NO_COMMON_BLOCKS = YES;
				GCC_WARN_64_TO_32_BIT_CONVERSION = YES;
				GCC_WARN_ABOUT_RETURN_TYPE = YES_ERROR;
				GCC_WARN_UNDECLARED_SELECTOR = YES;
				GCC_WARN_UNINITIALIZED_AUTOS = YES_AGGRESSIVE;
				GCC_WARN_UNUSED_FUNCTION = YES;
				GCC_WARN_UNUSED_VARIABLE = YES;
				IPHONEOS_DEPLOYMENT_TARGET = 8.4;
				MTL_ENABLE_DEBUG_INFO = NO;
				SDKROOT = iphoneos;
				TARGETED_DEVICE_FAMILY = "1,2";
				VALIDATE_PRODUCT = YES;
			};
			name = Release;
		};
		CD6071E71BB6CD1D000F319B /* Debug */ = {
			isa = XCBuildConfiguration;
			buildSettings = {
				ASSETCATALOG_COMPILER_APPICON_NAME = AppIcon;
				INFOPLIST_FILE = MiaoPaiVideo/Info.plist;
				LD_RUNPATH_SEARCH_PATHS = "$(inherited) @executable_path/Frameworks";
				PRODUCT_NAME = "$(TARGET_NAME)";
			};
			name = Debug;
		};
		CD6071E81BB6CD1D000F319B /* Release */ = {
			isa = XCBuildConfiguration;
			buildSettings = {
				ASSETCATALOG_COMPILER_APPICON_NAME = AppIcon;
				INFOPLIST_FILE = MiaoPaiVideo/Info.plist;
				LD_RUNPATH_SEARCH_PATHS = "$(inherited) @executable_path/Frameworks";
				PRODUCT_NAME = "$(TARGET_NAME)";
			};
			name = Release;
		};
		CD6071EA1BB6CD1D000F319B /* Debug */ = {
			isa = XCBuildConfiguration;
			buildSettings = {
				BUNDLE_LOADER = "$(TEST_HOST)";
				FRAMEWORK_SEARCH_PATHS = (
					"$(SDKROOT)/Developer/Library/Frameworks",
					"$(inherited)",
				);
				GCC_PREPROCESSOR_DEFINITIONS = (
					"DEBUG=1",
					"$(inherited)",
				);
				INFOPLIST_FILE = MiaoPaiVideoTests/Info.plist;
				LD_RUNPATH_SEARCH_PATHS = "$(inherited) @executable_path/Frameworks @loader_path/Frameworks";
				PRODUCT_NAME = "$(TARGET_NAME)";
				TEST_HOST = "$(BUILT_PRODUCTS_DIR)/MiaoPaiVideo.app/MiaoPaiVideo";
			};
			name = Debug;
		};
		CD6071EB1BB6CD1D000F319B /* Release */ = {
			isa = XCBuildConfiguration;
			buildSettings = {
				BUNDLE_LOADER = "$(TEST_HOST)";
				FRAMEWORK_SEARCH_PATHS = (
					"$(SDKROOT)/Developer/Library/Frameworks",
					"$(inherited)",
				);
				INFOPLIST_FILE = MiaoPaiVideoTests/Info.plist;
				LD_RUNPATH_SEARCH_PATHS = "$(inherited) @executable_path/Frameworks @loader_path/Frameworks";
				PRODUCT_NAME = "$(TARGET_NAME)";
				TEST_HOST = "$(BUILT_PRODUCTS_DIR)/MiaoPaiVideo.app/MiaoPaiVideo";
			};
			name = Release;
		};
/* End XCBuildConfiguration section */

/* Begin XCConfigurationList section */
		CD6071C21BB6CD1C000F319B /* Build configuration list for PBXProject "MiaoPaiVideo" */ = {
			isa = XCConfigurationList;
			buildConfigurations = (
				CD6071E41BB6CD1D000F319B /* Debug */,
				CD6071E51BB6CD1D000F319B /* Release */,
			);
			defaultConfigurationIsVisible = 0;
			defaultConfigurationName = Release;
		};
		CD6071E61BB6CD1D000F319B /* Build configuration list for PBXNativeTarget "MiaoPaiVideo" */ = {
			isa = XCConfigurationList;
			buildConfigurations = (
				CD6071E71BB6CD1D000F319B /* Debug */,
				CD6071E81BB6CD1D000F319B /* Release */,
			);
			defaultConfigurationIsVisible = 0;
		};
		CD6071E91BB6CD1D000F319B /* Build configuration list for PBXNativeTarget "MiaoPaiVideoTests" */ = {
			isa = XCConfigurationList;
			buildConfigurations = (
				CD6071EA1BB6CD1D000F319B /* Debug */,
				CD6071EB1BB6CD1D000F319B /* Release */,
			);
			defaultConfigurationIsVisible = 0;
		};
/* End XCConfigurationList section */
	};
	rootObject = CD6071BF1BB6CD1C000F319B /* Project object */;
}
